PODS:
  - Kingfisher (5.15.8):
    - Kingfisher/Core (= 5.15.8)
  - Kingfisher/Core (5.15.8)
  - KingfisherWebP (1.0.0):
    - Kingfisher (~> 5.8)
    - libwebp (>= 0.5.0)
  - libwebp (1.1.0):
    - libwebp/demux (= 1.1.0)
    - libwebp/mux (= 1.1.0)
    - libwebp/webp (= 1.1.0)
  - libwebp/demux (1.1.0):
    - libwebp/webp
  - libwebp/mux (1.1.0):
    - libwebp/demux
  - libwebp/webp (1.1.0)
  - YDB2WModels (1.0.4)
  - YDExtensions (1.0.21):
    - Kingfisher (~> 5.0)
    - KingfisherWebP (= 1.0.0)

DEPENDENCIES:
  - YDB2WModels
  - YDExtensions

SPEC REPOS:
  "git@github.com-yourdev:Hennrich-Your-Dev/YourDev-Pods.git":
    - YDB2WModels
    - YDExtensions
  trunk:
    - Kingfisher
    - KingfisherWebP
    - libwebp

SPEC CHECKSUMS:
  Kingfisher: a3c03d702433fa6cfedabb2bddbe076fb8f2e902
  KingfisherWebP: b1ed1dbc5e52547c5bf5f583dd5c46346f97320f
  libwebp: 946cb3063cea9236285f7e9a8505d806d30e07f3
  YDB2WModels: 569a610d8917ba7b4e9f70663b82145b40309c80
  YDExtensions: d13e6aaaa47a088f3d1e8292bb9392174710f6eb

PODFILE CHECKSUM: f3ab4aebb19b0bd15024d0c3295d9ab84939c057

COCOAPODS: 1.10.0
